
Microsoft Visual Studio Solution File, Format Version 12.00
# Visual Studio Version 17
VisualStudioVersion = 17.13.35825.156 d17.13
MinimumVisualStudioVersion = 10.0.40219.1
Project("{FAE04EC0-301F-11D3-BF4B-00C04F79EFBC}") = "WinFormsApp1", "WinFormsApp1.csproj", "{F8E5827E-A120-4779-BB31-F958E476C537}"
EndProject
Global
	GlobalSection(SolutionConfigurationPlatforms) = preSolution
		Debug|Any CPU = Debug|Any CPU
		Release|Any CPU = Release|Any CPU
	EndGlobalSection
	GlobalSection(ProjectConfigurationPlatforms) = postSolution
		{F8E5827E-A120-4779-BB31-F958E476C537}.Debug|Any CPU.ActiveCfg = Debug|Any CPU
		{F8E5827E-A120-4779-BB31-F958E476C537}.Debug|Any CPU.Build.0 = Debug|Any CPU
		{F8E5827E-A120-4779-BB31-F958E476C537}.Release|Any CPU.ActiveCfg = Release|Any CPU
		{F8E5827E-A120-4779-BB31-F958E476C537}.Release|Any CPU.Build.0 = Release|Any CPU
	EndGlobalSection
	GlobalSection(SolutionProperties) = preSolution
		HideSolutionNode = FALSE
	EndGlobalSection
	GlobalSection(ExtensibilityGlobals) = postSolution
		SolutionGuid = {D8876434-D6C0-4B78-BB4F-0F84402080B2}
	EndGlobalSection
EndGlobal
